
Microsoft Visual Studio Solution File, Format Version 12.00
# Visual Studio Version 16
VisualStudioVersion = 16.0.30413.136
MinimumVisualStudioVersion = 10.0.40219.1
Project("{FAE04EC0-301F-11D3-BF4B-00C04F79EFBC}") = "x_o_game", "x_o_game\x_o_game.csproj", "{745137A3-B930-4F55-9C85-5E7DA322A3A5}"
EndProject
Global
	GlobalSection(SolutionConfigurationPlatforms) = preSolution
		Debug|Any CPU = Debug|Any CPU
		Release|Any CPU = Release|Any CPU
	EndGlobalSection
	GlobalSection(ProjectConfigurationPlatforms) = postSolution
		{745137A3-B930-4F55-9C85-5E7DA322A3A5}.Debug|Any CPU.ActiveCfg = Debug|Any CPU
		{745137A3-B930-4F55-9C85-5E7DA322A3A5}.Debug|Any CPU.Build.0 = Debug|Any CPU
		{745137A3-B930-4F55-9C85-5E7DA322A3A5}.Release|Any CPU.ActiveCfg = Release|Any CPU
		{745137A3-B930-4F55-9C85-5E7DA322A3A5}.Release|Any CPU.Build.0 = Release|Any CPU
	EndGlobalSection
	GlobalSection(SolutionProperties) = preSolution
		HideSolutionNode = FALSE
	EndGlobalSection
	GlobalSection(ExtensibilityGlobals) = postSolution
		SolutionGuid = {59D5DB2D-E9AF-4D51-AF01-72311E20B395}
	EndGlobalSection
EndGlobal
